
Microsoft Visual Studio Solution File, Format Version 12.00
# Visual Studio Version 17
VisualStudioVersion = 17.8.34511.84
MinimumVisualStudioVersion = 10.0.40219.1
Project("{8BC9CEB8-8B4A-11D0-8D11-00A0C91BC942}") = "dayTypeProject", "dayTypeProject.vcxproj", "{0990C1D0-1EFE-4A8E-9385-DFA4D0529ADD}"
EndProject
Global
	GlobalSection(SolutionConfigurationPlatforms) = preSolution
		Debug|x64 = Debug|x64
		Debug|x86 = Debug|x86
		Release|x64 = Release|x64
		Release|x86 = Release|x86
	EndGlobalSection
	GlobalSection(ProjectConfigurationPlatforms) = postSolution
		{0990C1D0-1EFE-4A8E-9385-DFA4D0529ADD}.Debug|x64.ActiveCfg = Debug|x64
		{0990C1D0-1EFE-4A8E-9385-DFA4D0529ADD}.Debug|x64.Build.0 = Debug|x64
		{0990C1D0-1EFE-4A8E-9385-DFA4D0529ADD}.Debug|x86.ActiveCfg = Debug|Win32
		{0990C1D0-1EFE-4A8E-9385-DFA4D0529ADD}.Debug|x86.Build.0 = Debug|Win32
		{0990C1D0-1EFE-4A8E-9385-DFA4D0529ADD}.Release|x64.ActiveCfg = Release|x64
		{0990C1D0-1EFE-4A8E-9385-DFA4D0529ADD}.Release|x64.Build.0 = Release|x64
		{0990C1D0-1EFE-4A8E-9385-DFA4D0529ADD}.Release|x86.ActiveCfg = Release|Win32
		{0990C1D0-1EFE-4A8E-9385-DFA4D0529ADD}.Release|x86.Build.0 = Release|Win32
	EndGlobalSection
	GlobalSection(SolutionProperties) = preSolution
		HideSolutionNode = FALSE
	EndGlobalSection
	GlobalSection(ExtensibilityGlobals) = postSolution
		SolutionGuid = {56209A73-0265-4A8E-84F1-1711D0FB4C68}
	EndGlobalSection
EndGlobal
